
Microsoft Visual Studio Solution File, Format Version 12.00
# Visual Studio Version 17
VisualStudioVersion = 17.6.33815.320
MinimumVisualStudioVersion = 10.0.40219.1
Project("{FAE04EC0-301F-11D3-BF4B-00C04F79EFBC}") = "Online_Examination_System", "Online_Examination_System\Online_Examination_System.csproj", "{865077E5-8FC7-4367-848F-206B6626CFE1}"
EndProject
Global
	GlobalSection(SolutionConfigurationPlatforms) = preSolution
		Debug|Any CPU = Debug|Any CPU
		Release|Any CPU = Release|Any CPU
	EndGlobalSection
	GlobalSection(ProjectConfigurationPlatforms) = postSolution
		{865077E5-8FC7-4367-848F-206B6626CFE1}.Debug|Any CPU.ActiveCfg = Debug|Any CPU
		{865077E5-8FC7-4367-848F-206B6626CFE1}.Debug|Any CPU.Build.0 = Debug|Any CPU
		{865077E5-8FC7-4367-848F-206B6626CFE1}.Release|Any CPU.ActiveCfg = Release|Any CPU
		{865077E5-8FC7-4367-848F-206B6626CFE1}.Release|Any CPU.Build.0 = Release|Any CPU
	EndGlobalSection
	GlobalSection(SolutionProperties) = preSolution
		HideSolutionNode = FALSE
	EndGlobalSection
	GlobalSection(ExtensibilityGlobals) = postSolution
		SolutionGuid = {613EB02E-F037-49F4-8EE1-A325E7F5842C}
	EndGlobalSection
EndGlobal
